
Microsoft Visual Studio Solution File, Format Version 12.00
# Visual Studio Version 17
VisualStudioVersion = 17.2.32602.215
MinimumVisualStudioVersion = 10.0.40219.1
Project("{FAE04EC0-301F-11D3-BF4B-00C04F79EFBC}") = "Kasir_Cafe", "Kasir_Cafe\Kasir_Cafe.csproj", "{D1A274C5-4552-4580-8BF2-4A6C86CB43DA}"
EndProject
Global
	GlobalSection(SolutionConfigurationPlatforms) = preSolution
		Debug|Any CPU = Debug|Any CPU
		Release|Any CPU = Release|Any CPU
	EndGlobalSection
	GlobalSection(ProjectConfigurationPlatforms) = postSolution
		{D1A274C5-4552-4580-8BF2-4A6C86CB43DA}.Debug|Any CPU.ActiveCfg = Debug|Any CPU
		{D1A274C5-4552-4580-8BF2-4A6C86CB43DA}.Debug|Any CPU.Build.0 = Debug|Any CPU
		{D1A274C5-4552-4580-8BF2-4A6C86CB43DA}.Release|Any CPU.ActiveCfg = Release|Any CPU
		{D1A274C5-4552-4580-8BF2-4A6C86CB43DA}.Release|Any CPU.Build.0 = Release|Any CPU
	EndGlobalSection
	GlobalSection(SolutionProperties) = preSolution
		HideSolutionNode = FALSE
	EndGlobalSection
	GlobalSection(ExtensibilityGlobals) = postSolution
		SolutionGuid = {21ADD5FB-8E8A-4A3F-B843-F196F967A619}
	EndGlobalSection
EndGlobal
